
Microsoft Visual Studio Solution File, Format Version 12.00
# Visual Studio Version 16
VisualStudioVersion = 16.0.31515.178
MinimumVisualStudioVersion = 10.0.40219.1
Project("{FAE04EC0-301F-11D3-BF4B-00C04F79EFBC}") = "QLBGD", "QLBGD\QLBGD.csproj", "{AA1448AA-AC17-4211-8B8B-3711A73DA9DA}"
EndProject
Global
	GlobalSection(SolutionConfigurationPlatforms) = preSolution
		Debug|Any CPU = Debug|Any CPU
		Release|Any CPU = Release|Any CPU
	EndGlobalSection
	GlobalSection(ProjectConfigurationPlatforms) = postSolution
		{AA1448AA-AC17-4211-8B8B-3711A73DA9DA}.Debug|Any CPU.ActiveCfg = Debug|Any CPU
		{AA1448AA-AC17-4211-8B8B-3711A73DA9DA}.Debug|Any CPU.Build.0 = Debug|Any CPU
		{AA1448AA-AC17-4211-8B8B-3711A73DA9DA}.Release|Any CPU.ActiveCfg = Release|Any CPU
		{AA1448AA-AC17-4211-8B8B-3711A73DA9DA}.Release|Any CPU.Build.0 = Release|Any CPU
	EndGlobalSection
	GlobalSection(SolutionProperties) = preSolution
		HideSolutionNode = FALSE
	EndGlobalSection
	GlobalSection(ExtensibilityGlobals) = postSolution
		SolutionGuid = {FF0A9E88-691F-4300-BCEC-9EEA93DDE885}
	EndGlobalSection
EndGlobal
